
Microsoft Visual Studio Solution File, Format Version 12.00
# Visual Studio Version 16
VisualStudioVersion = 16.0.30011.22
MinimumVisualStudioVersion = 10.0.40219.1
Project("{FAE04EC0-301F-11D3-BF4B-00C04F79EFBC}") = "M-chat", "M-chat\M-chat.csproj", "{B7D5BE8D-F4D3-43AE-A7B2-53EE28971334}"
EndProject
Project("{FAE04EC0-301F-11D3-BF4B-00C04F79EFBC}") = "M-chat.Models", "M-chat.Models\M-chat.Models.csproj", "{3EF48A39-8E1E-4E8A-9414-F6C2E612F2FE}"
EndProject
Project("{FAE04EC0-301F-11D3-BF4B-00C04F79EFBC}") = "M-chat.Services", "M-chat.Services\M-chat.Services.csproj", "{A79A7496-81FD-4809-9172-1FAF2FB2BCE2}"
EndProject
Global
	GlobalSection(SolutionConfigurationPlatforms) = preSolution
		Debug|Any CPU = Debug|Any CPU
		Release|Any CPU = Release|Any CPU
	EndGlobalSection
	GlobalSection(ProjectConfigurationPlatforms) = postSolution
		{B7D5BE8D-F4D3-43AE-A7B2-53EE28971334}.Debug|Any CPU.ActiveCfg = Debug|Any CPU
		{B7D5BE8D-F4D3-43AE-A7B2-53EE28971334}.Debug|Any CPU.Build.0 = Debug|Any CPU
		{B7D5BE8D-F4D3-43AE-A7B2-53EE28971334}.Release|Any CPU.ActiveCfg = Release|Any CPU
		{B7D5BE8D-F4D3-43AE-A7B2-53EE28971334}.Release|Any CPU.Build.0 = Release|Any CPU
		{3EF48A39-8E1E-4E8A-9414-F6C2E612F2FE}.Debug|Any CPU.ActiveCfg = Debug|Any CPU
		{3EF48A39-8E1E-4E8A-9414-F6C2E612F2FE}.Debug|Any CPU.Build.0 = Debug|Any CPU
		{3EF48A39-8E1E-4E8A-9414-F6C2E612F2FE}.Release|Any CPU.ActiveCfg = Release|Any CPU
		{3EF48A39-8E1E-4E8A-9414-F6C2E612F2FE}.Release|Any CPU.Build.0 = Release|Any CPU
		{A79A7496-81FD-4809-9172-1FAF2FB2BCE2}.Debug|Any CPU.ActiveCfg = Debug|Any CPU
		{A79A7496-81FD-4809-9172-1FAF2FB2BCE2}.Debug|Any CPU.Build.0 = Debug|Any CPU
		{A79A7496-81FD-4809-9172-1FAF2FB2BCE2}.Release|Any CPU.ActiveCfg = Release|Any CPU
		{A79A7496-81FD-4809-9172-1FAF2FB2BCE2}.Release|Any CPU.Build.0 = Release|Any CPU
	EndGlobalSection
	GlobalSection(SolutionProperties) = preSolution
		HideSolutionNode = FALSE
	EndGlobalSection
	GlobalSection(ExtensibilityGlobals) = postSolution
		SolutionGuid = {C7A84352-229D-45CE-9F8D-3C19645BF67A}
	EndGlobalSection
EndGlobal
